
Microsoft Visual Studio Solution File, Format Version 12.00
# Visual Studio Version 17
VisualStudioVersion = 17.0.31903.59
MinimumVisualStudioVersion = 10.0.40219.1
Project("{9A19103F-16F7-4668-BE54-9A1E7A4F7556}") = "CHMS-Blazor-POC.Server", "CHMS-Blazor-POC\Server\CHMS-Blazor-POC.Server.csproj", "{0B642302-A5EB-4DB9-8C09-A982B322B12B}"
EndProject
Project("{9A19103F-16F7-4668-BE54-9A1E7A4F7556}") = "CHMS-Blazor-POC.Client", "CHMS-Blazor-POC\Client\CHMS-Blazor-POC.Client.csproj", "{FBF862E0-9CF0-4810-8A0D-58C3089E8449}"
EndProject
Project("{9A19103F-16F7-4668-BE54-9A1E7A4F7556}") = "CHMS-Blazor-POC.Shared", "CHMS-Blazor-POC\Shared\CHMS-Blazor-POC.Shared.csproj", "{A15E710C-4861-47F8-8031-D28BEAA7F716}"
EndProject
Global
	GlobalSection(SolutionConfigurationPlatforms) = preSolution
		Debug|Any CPU = Debug|Any CPU
		Release|Any CPU = Release|Any CPU
	EndGlobalSection
	GlobalSection(ProjectConfigurationPlatforms) = postSolution
		{0B642302-A5EB-4DB9-8C09-A982B322B12B}.Debug|Any CPU.ActiveCfg = Debug|Any CPU
		{0B642302-A5EB-4DB9-8C09-A982B322B12B}.Debug|Any CPU.Build.0 = Debug|Any CPU
		{0B642302-A5EB-4DB9-8C09-A982B322B12B}.Release|Any CPU.ActiveCfg = Release|Any CPU
		{0B642302-A5EB-4DB9-8C09-A982B322B12B}.Release|Any CPU.Build.0 = Release|Any CPU
		{FBF862E0-9CF0-4810-8A0D-58C3089E8449}.Debug|Any CPU.ActiveCfg = Debug|Any CPU
		{FBF862E0-9CF0-4810-8A0D-58C3089E8449}.Debug|Any CPU.Build.0 = Debug|Any CPU
		{FBF862E0-9CF0-4810-8A0D-58C3089E8449}.Release|Any CPU.ActiveCfg = Release|Any CPU
		{FBF862E0-9CF0-4810-8A0D-58C3089E8449}.Release|Any CPU.Build.0 = Release|Any CPU
		{A15E710C-4861-47F8-8031-D28BEAA7F716}.Debug|Any CPU.ActiveCfg = Debug|Any CPU
		{A15E710C-4861-47F8-8031-D28BEAA7F716}.Debug|Any CPU.Build.0 = Debug|Any CPU
		{A15E710C-4861-47F8-8031-D28BEAA7F716}.Release|Any CPU.ActiveCfg = Release|Any CPU
		{A15E710C-4861-47F8-8031-D28BEAA7F716}.Release|Any CPU.Build.0 = Release|Any CPU
	EndGlobalSection
	GlobalSection(SolutionProperties) = preSolution
		HideSolutionNode = FALSE
	EndGlobalSection
	GlobalSection(ExtensibilityGlobals) = postSolution
		SolutionGuid = {4B6168F4-B225-43E9-A469-B70773E0C484}
	EndGlobalSection
EndGlobal
